# THIS IS AN AUTOGENERATED FILE. DO NOT EDIT THIS FILE DIRECTLY.
# yarn lockfile v1


extend@~1.2.1:
  version "1.2.1"
  resolved "https://registry.yarnpkg.com/extend/-/extend-1.2.1.tgz#a0f5fd6cfc83a5fe49ef698d60ec8a624dd4576c"

geopattern@^1.2.3:
  version "1.2.3"
  resolved "https://registry.yarnpkg.com/geopattern/-/geopattern-1.2.3.tgz#de96602e46dba9095ca5774bfb3b36308f7e63fe"
  dependencies:
    extend "~1.2.1"
